
Microsoft Visual Studio Solution File, Format Version 12.00
# Visual Studio 2015
Project("{FAE04EC0-301F-11D3-BF4B-00C04F79EFBC}") = "TallerUnity-master.CSharp.Plugins", "TallerUnity-master.CSharp.Plugins.csproj", "{7E865292-E731-9DFB-2A76-AB4A06B52CB9}"
EndProject
Project("{FAE04EC0-301F-11D3-BF4B-00C04F79EFBC}") = "TallerUnity-master.CSharp", "TallerUnity-master.CSharp.csproj", "{AE16DD67-A6CB-A397-BD8E-E2F2745CAC7A}"
EndProject
Project("{FAE04EC0-301F-11D3-BF4B-00C04F79EFBC}") = "TallerUnity-master.CSharp.Editor", "TallerUnity-master.CSharp.Editor.csproj", "{C0D62DFE-CCC2-D3DA-2436-6F630DBE04E6}"
EndProject
Global
	GlobalSection(SolutionConfigurationPlatforms) = preSolution
		Debug|Any CPU = Debug|Any CPU
		Release|Any CPU = Release|Any CPU
	EndGlobalSection
	GlobalSection(ProjectConfigurationPlatforms) = postSolution
		{7E865292-E731-9DFB-2A76-AB4A06B52CB9}.Debug|Any CPU.ActiveCfg = Debug|Any CPU
		{7E865292-E731-9DFB-2A76-AB4A06B52CB9}.Debug|Any CPU.Build.0 = Debug|Any CPU
		{7E865292-E731-9DFB-2A76-AB4A06B52CB9}.Release|Any CPU.ActiveCfg = Release|Any CPU
		{7E865292-E731-9DFB-2A76-AB4A06B52CB9}.Release|Any CPU.Build.0 = Release|Any CPU
		{AE16DD67-A6CB-A397-BD8E-E2F2745CAC7A}.Debug|Any CPU.ActiveCfg = Debug|Any CPU
		{AE16DD67-A6CB-A397-BD8E-E2F2745CAC7A}.Debug|Any CPU.Build.0 = Debug|Any CPU
		{AE16DD67-A6CB-A397-BD8E-E2F2745CAC7A}.Release|Any CPU.ActiveCfg = Release|Any CPU
		{AE16DD67-A6CB-A397-BD8E-E2F2745CAC7A}.Release|Any CPU.Build.0 = Release|Any CPU
		{C0D62DFE-CCC2-D3DA-2436-6F630DBE04E6}.Debug|Any CPU.ActiveCfg = Debug|Any CPU
		{C0D62DFE-CCC2-D3DA-2436-6F630DBE04E6}.Debug|Any CPU.Build.0 = Debug|Any CPU
		{C0D62DFE-CCC2-D3DA-2436-6F630DBE04E6}.Release|Any CPU.ActiveCfg = Release|Any CPU
		{C0D62DFE-CCC2-D3DA-2436-6F630DBE04E6}.Release|Any CPU.Build.0 = Release|Any CPU
	EndGlobalSection
	GlobalSection(SolutionProperties) = preSolution
		HideSolutionNode = FALSE
	EndGlobalSection
EndGlobal
